
Microsoft Visual Studio Solution File, Format Version 12.00
# Visual Studio Version 16
VisualStudioVersion = 16.0.30114.105
MinimumVisualStudioVersion = 10.0.40219.1
Project("{FAE04EC0-301F-11D3-BF4B-00C04F79EFBC}") = "Domain", "src\Domain\Domain.csproj", "{EAAFF4F9-6A5A-4A03-88B5-FB9E368F1596}"
EndProject
Project("{FAE04EC0-301F-11D3-BF4B-00C04F79EFBC}") = "Infrastructure.DAL", "src\Infrastructure.DAL\Infrastructure.DAL.csproj", "{1667A518-4CC2-4735-96DA-45782003CBD4}"
EndProject
Global
	GlobalSection(SolutionConfigurationPlatforms) = preSolution
		Debug|Any CPU = Debug|Any CPU
		Release|Any CPU = Release|Any CPU
	EndGlobalSection
	GlobalSection(ProjectConfigurationPlatforms) = postSolution
		{EAAFF4F9-6A5A-4A03-88B5-FB9E368F1596}.Debug|Any CPU.ActiveCfg = Debug|Any CPU
		{EAAFF4F9-6A5A-4A03-88B5-FB9E368F1596}.Debug|Any CPU.Build.0 = Debug|Any CPU
		{EAAFF4F9-6A5A-4A03-88B5-FB9E368F1596}.Release|Any CPU.ActiveCfg = Release|Any CPU
		{EAAFF4F9-6A5A-4A03-88B5-FB9E368F1596}.Release|Any CPU.Build.0 = Release|Any CPU
		{1667A518-4CC2-4735-96DA-45782003CBD4}.Debug|Any CPU.ActiveCfg = Debug|Any CPU
		{1667A518-4CC2-4735-96DA-45782003CBD4}.Debug|Any CPU.Build.0 = Debug|Any CPU
		{1667A518-4CC2-4735-96DA-45782003CBD4}.Release|Any CPU.ActiveCfg = Release|Any CPU
		{1667A518-4CC2-4735-96DA-45782003CBD4}.Release|Any CPU.Build.0 = Release|Any CPU
	EndGlobalSection
	GlobalSection(SolutionProperties) = preSolution
		HideSolutionNode = FALSE
	EndGlobalSection
	GlobalSection(ExtensibilityGlobals) = postSolution
		SolutionGuid = {61007D26-D9A9-403C-9A5D-673D047E86DA}
	EndGlobalSection
EndGlobal
